
Microsoft Visual Studio Solution File, Format Version 12.00
# Visual Studio Version 17
VisualStudioVersion = 17.5.002.0
MinimumVisualStudioVersion = 10.0.40219.1
Project("{9A19103F-16F7-4668-BE54-9A1E7A4F7556}") = "MiniChallenges2_4", "MiniChallenges2_4.csproj", "{77E1584A-7EA5-4F0A-96ED-127C99553A54}"
EndProject
Global
	GlobalSection(SolutionConfigurationPlatforms) = preSolution
		Debug|Any CPU = Debug|Any CPU
		Release|Any CPU = Release|Any CPU
	EndGlobalSection
	GlobalSection(ProjectConfigurationPlatforms) = postSolution
		{77E1584A-7EA5-4F0A-96ED-127C99553A54}.Debug|Any CPU.ActiveCfg = Debug|Any CPU
		{77E1584A-7EA5-4F0A-96ED-127C99553A54}.Debug|Any CPU.Build.0 = Debug|Any CPU
		{77E1584A-7EA5-4F0A-96ED-127C99553A54}.Release|Any CPU.ActiveCfg = Release|Any CPU
		{77E1584A-7EA5-4F0A-96ED-127C99553A54}.Release|Any CPU.Build.0 = Release|Any CPU
	EndGlobalSection
	GlobalSection(SolutionProperties) = preSolution
		HideSolutionNode = FALSE
	EndGlobalSection
	GlobalSection(ExtensibilityGlobals) = postSolution
		SolutionGuid = {0026F0E5-2B55-4EDD-8E1B-278C30A1E15E}
	EndGlobalSection
EndGlobal
